
Microsoft Visual Studio Solution File, Format Version 12.00
Project("{2150E333-8FDC-42A3-9474-1A3956D46DE8}") = "src", "src", "{BE2B3457-09B8-49BF-9A5D-FE92FE95ACE4}"
EndProject
Project("{2150E333-8FDC-42A3-9474-1A3956D46DE8}") = "tests", "tests", "{559E49AA-329B-43B9-A084-5702F1212F2E}"
EndProject
Project("{2150E333-8FDC-42A3-9474-1A3956D46DE8}") = "name.Core", "name.Core", "{9B4F426B-4284-4E72-A34D-E3AD205C362A}"
EndProject
Project("{2150E333-8FDC-42A3-9474-1A3956D46DE8}") = "name.Application", "name.Application", "{E0BBFE1D-9D7D-4428-9A60-94DEA2D226A4}"
EndProject
Project("{2150E333-8FDC-42A3-9474-1A3956D46DE8}") = "name.Infrastructure", "name.Infrastructure", "{4A26D186-CA81-4272-9CDC-2EDBAA3FA65C}"
EndProject
Project("{2150E333-8FDC-42A3-9474-1A3956D46DE8}") = "name.Api", "name.Api", "{845FD8E7-2415-4A18-8B51-FCAC355DCF5A}"
EndProject
Project("{FAE04EC0-301F-11D3-BF4B-00C04F79EFBC}") = "name.Core", "name.Core\name.Core.csproj", "{FF2E8CF1-F83B-4839-8257-01DA9D3118F6}"
EndProject
Project("{FAE04EC0-301F-11D3-BF4B-00C04F79EFBC}") = "name.Application", "name.Application\name.Application.csproj", "{E988E292-0764-4F84-9DDF-F94438D3948F}"
EndProject
Project("{FAE04EC0-301F-11D3-BF4B-00C04F79EFBC}") = "name.Infrastructure", "name.Infrastructure\name.Infrastructure.csproj", "{82F30BA0-83B8-4A5E-8CF6-6CB48C829843}"
EndProject
Project("{FAE04EC0-301F-11D3-BF4B-00C04F79EFBC}") = "name.Api", "name.Api\name.Api.csproj", "{87A462E4-5B58-45FC-A64C-EC7A84995AA5}"
EndProject
Global
	GlobalSection(SolutionConfigurationPlatforms) = preSolution
		Debug|Any CPU = Debug|Any CPU
		Release|Any CPU = Release|Any CPU
	EndGlobalSection
	GlobalSection(NestedProjects) = preSolution
		{9B4F426B-4284-4E72-A34D-E3AD205C362A} = {BE2B3457-09B8-49BF-9A5D-FE92FE95ACE4}
		{E0BBFE1D-9D7D-4428-9A60-94DEA2D226A4} = {BE2B3457-09B8-49BF-9A5D-FE92FE95ACE4}
		{4A26D186-CA81-4272-9CDC-2EDBAA3FA65C} = {BE2B3457-09B8-49BF-9A5D-FE92FE95ACE4}
		{845FD8E7-2415-4A18-8B51-FCAC355DCF5A} = {BE2B3457-09B8-49BF-9A5D-FE92FE95ACE4}
		{FF2E8CF1-F83B-4839-8257-01DA9D3118F6} = {9B4F426B-4284-4E72-A34D-E3AD205C362A}
		{E988E292-0764-4F84-9DDF-F94438D3948F} = {E0BBFE1D-9D7D-4428-9A60-94DEA2D226A4}
		{82F30BA0-83B8-4A5E-8CF6-6CB48C829843} = {4A26D186-CA81-4272-9CDC-2EDBAA3FA65C}
		{87A462E4-5B58-45FC-A64C-EC7A84995AA5} = {845FD8E7-2415-4A18-8B51-FCAC355DCF5A}
	EndGlobalSection
	GlobalSection(ProjectConfigurationPlatforms) = postSolution
		{FF2E8CF1-F83B-4839-8257-01DA9D3118F6}.Debug|Any CPU.ActiveCfg = Debug|Any CPU
		{FF2E8CF1-F83B-4839-8257-01DA9D3118F6}.Debug|Any CPU.Build.0 = Debug|Any CPU
		{FF2E8CF1-F83B-4839-8257-01DA9D3118F6}.Release|Any CPU.ActiveCfg = Release|Any CPU
		{FF2E8CF1-F83B-4839-8257-01DA9D3118F6}.Release|Any CPU.Build.0 = Release|Any CPU
		{E988E292-0764-4F84-9DDF-F94438D3948F}.Debug|Any CPU.ActiveCfg = Debug|Any CPU
		{E988E292-0764-4F84-9DDF-F94438D3948F}.Debug|Any CPU.Build.0 = Debug|Any CPU
		{E988E292-0764-4F84-9DDF-F94438D3948F}.Release|Any CPU.ActiveCfg = Release|Any CPU
		{E988E292-0764-4F84-9DDF-F94438D3948F}.Release|Any CPU.Build.0 = Release|Any CPU
		{82F30BA0-83B8-4A5E-8CF6-6CB48C829843}.Debug|Any CPU.ActiveCfg = Debug|Any CPU
		{82F30BA0-83B8-4A5E-8CF6-6CB48C829843}.Debug|Any CPU.Build.0 = Debug|Any CPU
		{82F30BA0-83B8-4A5E-8CF6-6CB48C829843}.Release|Any CPU.ActiveCfg = Release|Any CPU
		{82F30BA0-83B8-4A5E-8CF6-6CB48C829843}.Release|Any CPU.Build.0 = Release|Any CPU
		{87A462E4-5B58-45FC-A64C-EC7A84995AA5}.Debug|Any CPU.ActiveCfg = Debug|Any CPU
		{87A462E4-5B58-45FC-A64C-EC7A84995AA5}.Debug|Any CPU.Build.0 = Debug|Any CPU
		{87A462E4-5B58-45FC-A64C-EC7A84995AA5}.Release|Any CPU.ActiveCfg = Release|Any CPU
		{87A462E4-5B58-45FC-A64C-EC7A84995AA5}.Release|Any CPU.Build.0 = Release|Any CPU
	EndGlobalSection
EndGlobal
